schema: '2.0'
stages:
  data_collection:
    cmd: python src/data/data_collection.py
    deps:
    - path: src/data/data_collection.py
      hash: md5
      md5: b01c42e2b1c9beb1bf7e14cee3062618
      size: 2055
    params:
      params.yaml:
        data_collection.test_size: 0.2
    outs:
    - path: data/raw
      hash: md5
      md5: f508f5f2cfb3fcc116235f0993dd2e00.dir
      size: 520443
      nfiles: 2
  pre_processing:
    cmd: python src/data/data_prep.py
    deps:
    - path: data/raw
      hash: md5
      md5: f508f5f2cfb3fcc116235f0993dd2e00.dir
      size: 520443
      nfiles: 2
    - path: src/data/data_prep.py
      hash: md5
      md5: a0b64c4b85853942c97bd59384781b5f
      size: 1821
    outs:
    - path: data/processed
      hash: md5
      md5: 71e1730e61de1c04b642b2b7d2fb2ce2.dir
      size: 545356
      nfiles: 2
  model_building:
    cmd: python src/model/model_building.py
    deps:
    - path: data/processed
      hash: md5
      md5: 71e1730e61de1c04b642b2b7d2fb2ce2.dir
      size: 545356
      nfiles: 2
    - path: src/model/model_building.py
      hash: md5
      md5: 83185143c8cd922add0042c11de318fe
      size: 2482
    params:
      params.yaml:
        model_building.n_estimators: 100
    outs:
    - path: models/model.pkl
      hash: md5
      md5: a32754d919d51b21ab8661189c980643
      size: 7357141
  model_eval:
    cmd: python src/model/model_eval.py
    deps:
    - path: models/model.pkl
      hash: md5
      md5: a32754d919d51b21ab8661189c980643
      size: 7357141
    - path: src/model/model_eval.py
      hash: md5
      md5: b61118aee9386ef860e63eebe5fdc0fa
      size: 2513
    outs:
    - path: reports/metrics.json
      hash: md5
      md5: dac1eda8d92ccb61720ee6e752bf3a77
      size: 140
